
Microsoft Visual Studio Solution File, Format Version 12.00
# Visual Studio Version 16
VisualStudioVersion = 16.0.30804.86
MinimumVisualStudioVersion = 10.0.40219.1
Project("{FAE04EC0-301F-11D3-BF4B-00C04F79EFBC}") = "ListImplementation", "ListImplementation\ListImplementation.csproj", "{3F363383-9BA5-4E0E-85FA-92EA4E84544D}"
EndProject
Global
	GlobalSection(SolutionConfigurationPlatforms) = preSolution
		Debug|Any CPU = Debug|Any CPU
		Release|Any CPU = Release|Any CPU
	EndGlobalSection
	GlobalSection(ProjectConfigurationPlatforms) = postSolution
		{3F363383-9BA5-4E0E-85FA-92EA4E84544D}.Debug|Any CPU.ActiveCfg = Debug|Any CPU
		{3F363383-9BA5-4E0E-85FA-92EA4E84544D}.Debug|Any CPU.Build.0 = Debug|Any CPU
		{3F363383-9BA5-4E0E-85FA-92EA4E84544D}.Release|Any CPU.ActiveCfg = Release|Any CPU
		{3F363383-9BA5-4E0E-85FA-92EA4E84544D}.Release|Any CPU.Build.0 = Release|Any CPU
	EndGlobalSection
	GlobalSection(SolutionProperties) = preSolution
		HideSolutionNode = FALSE
	EndGlobalSection
	GlobalSection(ExtensibilityGlobals) = postSolution
		SolutionGuid = {92B975EB-043F-4828-9E2E-C7F7501F14C8}
	EndGlobalSection
EndGlobal
